// !$*UTF8*$!
{
	archiveVersion = 1;
	classes = {
	};
	objectVersion = 55;
	objects = {

/* Begin PBXBuildFile section */
		8477A5A028A4EE330090966D /* SongViewController.swift in Sources */ = {isa = PBXBuildFile; fileRef = 8477A59F28A4EE330090966D /* SongViewController.swift */; };
		8477A5A228A4F64A0090966D /* Player.swift in Sources */ = {isa = PBXBuildFile; fileRef = 8477A5A128A4F64A0090966D /* Player.swift */; };
		8481DB8C28A444AC004F12E8 /* AppDelegate.swift in Sources */ = {isa = PBXBuildFile; fileRef = 8481DB8B28A444AC004F12E8 /* AppDelegate.swift */; };
		8481DB8E28A444AC004F12E8 /* SceneDelegate.swift in Sources */ = {isa = PBXBuildFile; fileRef = 8481DB8D28A444AC004F12E8 /* SceneDelegate.swift */; };
		8481DB9028A444AC004F12E8 /* ViewController.swift in Sources */ = {isa = PBXBuildFile; fileRef = 8481DB8F28A444AC004F12E8 /* ViewController.swift */; };
		8481DB9528A444B0004F12E8 /* Assets.xcassets in Resources */ = {isa = PBXBuildFile; fileRef = 8481DB9428A444B0004F12E8 /* Assets.xcassets */; };
		8481DB9828A444B0004F12E8 /* LaunchScreen.storyboard in Resources */ = {isa = PBXBuildFile; fileRef = 8481DB9628A444B0004F12E8 /* LaunchScreen.storyboard */; };
		8481DBA228A446EB004F12E8 /* Lose yourself.mp3 in Resources */ = {isa = PBXBuildFile; fileRef = 8481DB9F28A446EB004F12E8 /* Lose yourself.mp3 */; };
		8481DBA328A446EB004F12E8 /* Всем кто с нами.mp3 in Resources */ = {isa = PBXBuildFile; fileRef = 8481DBA028A446EB004F12E8 /* Всем кто с нами.mp3 */; };
		8481DBA428A446EB004F12E8 /* Город дорог.mp3 in Resources */ = {isa = PBXBuildFile; fileRef = 8481DBA128A446EB004F12E8 /* Город дорог.mp3 */; };
		8481DBA628A457B2004F12E8 /* Database.swift in Sources */ = {isa = PBXBuildFile; fileRef = 8481DBA528A457B2004F12E8 /* Database.swift */; };
/* End PBXBuildFile section */

/* Begin PBXFileReference section */
		8477A59F28A4EE330090966D /* SongViewController.swift */ = {isa = PBXFileReference; lastKnownFileType = sourcecode.swift; path = SongViewController.swift; sourceTree = "<group>"; };
		8477A5A128A4F64A0090966D /* Player.swift */ = {isa = PBXFileReference; lastKnownFileType = sourcecode.swift; path = Player.swift; sourceTree = "<group>"; };
		8481DB8828A444AC004F12E8 /* UIKitLes6_Player.app */ = {isa = PBXFileReference; explicitFileType = wrapper.application; includeInIndex = 0; path = UIKitLes6_Player.app; sourceTree = BUILT_PRODUCTS_DIR; };
		8481DB8B28A444AC004F12E8 /* AppDelegate.swift */ = {isa = PBXFileReference; lastKnownFileType = sourcecode.swift; path = AppDelegate.swift; sourceTree = "<group>"; };
		8481DB8D28A444AC004F12E8 /* SceneDelegate.swift */ = {isa = PBXFileReference; lastKnownFileType = sourcecode.swift; path = SceneDelegate.swift; sourceTree = "<group>"; };
		8481DB8F28A444AC004F12E8 /* ViewController.swift */ = {isa = PBXFileReference; lastKnownFileType = sourcecode.swift; path = ViewController.swift; sourceTree = "<group>"; };
		8481DB9428A444B0004F12E8 /* Assets.xcassets */ = {isa = PBXFileReference; lastKnownFileType = folder.assetcatalog; path = Assets.xcassets; sourceTree = "<group>"; };
		8481DB9728A444B0004F12E8 /* Base */ = {isa = PBXFileReference; lastKnownFileType = file.storyboard; name = Base; path = Base.lproj/LaunchScreen.storyboard; sourceTree = "<group>"; };
		8481DB9928A444B0004F12E8 /* Info.plist */ = {isa = PBXFileReference; lastKnownFileType = text.plist.xml; path = Info.plist; sourceTree = "<group>"; };
		8481DB9F28A446EB004F12E8 /* Lose yourself.mp3 */ = {isa = PBXFileReference; lastKnownFileType = audio.mp3; name = "Lose yourself.mp3"; path = "../../../../../../Desktop/Lose yourself.mp3"; sourceTree = "<group>"; };
		8481DBA028A446EB004F12E8 /* Всем кто с нами.mp3 */ = {isa = PBXFileReference; lastKnownFileType = audio.mp3; name = "Всем кто с нами.mp3"; path = "../../../../../../Desktop/Всем кто с нами.mp3"; sourceTree = "<group>"; };
		8481DBA128A446EB004F12E8 /* Город дорог.mp3 */ = {isa = PBXFileReference; lastKnownFileType = audio.mp3; name = "Город дорог.mp3"; path = "../../../../../../Desktop/Город дорог.mp3"; sourceTree = "<group>"; };
		8481DBA528A457B2004F12E8 /* Database.swift */ = {isa = PBXFileReference; lastKnownFileType = sourcecode.swift; path = Database.swift; sourceTree = "<group>"; };
/* End PBXFileReference section */

/* Begin PBXFrameworksBuildPhase section */
		8481DB8528A444AC004F12E8 /* Frameworks */ = {
			isa = PBXFrameworksBuildPhase;
			buildActionMask = 2147483647;
			files = (
			);
			runOnlyForDeploymentPostprocessing = 0;
		};
/* End PBXFrameworksBuildPhase section */

/* Begin PBXGroup section */
		8481DB7F28A444AC004F12E8 = {
			isa = PBXGroup;
			children = (
				8481DB8A28A444AC004F12E8 /* UIKitLes6_Player */,
				8481DB8928A444AC004F12E8 /* Products */,
			);
			sourceTree = "<group>";
		};
		8481DB8928A444AC004F12E8 /* Products */ = {
			isa = PBXGroup;
			children = (
				8481DB8828A444AC004F12E8 /* UIKitLes6_Player.app */,
			);
			name = Products;
			sourceTree = "<group>";
		};
		8481DB8A28A444AC004F12E8 /* UIKitLes6_Player */ = {
			isa = PBXGroup;
			children = (
				8481DB8B28A444AC004F12E8 /* AppDelegate.swift */,
				8481DB8D28A444AC004F12E8 /* SceneDelegate.swift */,
				8481DB8F28A444AC004F12E8 /* ViewController.swift */,
				8477A59F28A4EE330090966D /* SongViewController.swift */,
				8477A5A128A4F64A0090966D /* Player.swift */,
				8481DBA528A457B2004F12E8 /* Database.swift */,
				8481DB9428A444B0004F12E8 /* Assets.xcassets */,
				8481DB9628A444B0004F12E8 /* LaunchScreen.storyboard */,
				8481DB9928A444B0004F12E8 /* Info.plist */,
				8481DBA028A446EB004F12E8 /* Всем кто с нами.mp3 */,
				8481DB9F28A446EB004F12E8 /* Lose yourself.mp3 */,
				8481DBA128A446EB004F12E8 /* Город дорог.mp3 */,
			);
			path = UIKitLes6_Player;
			sourceTree = "<group>";
		};
/* End PBXGroup section */

/* Begin PBXNativeTarget section */
		8481DB8728A444AC004F12E8 /* UIKitLes6_Player */ = {
			isa = PBXNativeTarget;
			buildConfigurationList = 8481DB9C28A444B0004F12E8 /* Build configuration list for PBXNativeTarget "UIKitLes6_Player" */;
			buildPhases = (
				8481DB8428A444AC004F12E8 /* Sources */,
				8481DB8528A444AC004F12E8 /* Frameworks */,
				8481DB8628A444AC004F12E8 /* Resources */,
			);
			buildRules = (
			);
			dependencies = (
			);
			name = UIKitLes6_Player;
			productName = UIKitLes6_Player;
			productReference = 8481DB8828A444AC004F12E8 /* UIKitLes6_Player.app */;
			productType = "com.apple.product-type.application";
		};
/* End PBXNativeTarget section */

/* Begin PBXProject section */
		8481DB8028A444AC004F12E8 /* Project object */ = {
			isa = PBXProject;
			attributes = {
				BuildIndependentTargetsInParallel = 1;
				LastSwiftUpdateCheck = 1340;
				LastUpgradeCheck = 1340;
				TargetAttributes = {
					8481DB8728A444AC004F12E8 = {
						CreatedOnToolsVersion = 13.4.1;
					};
				};
			};
			buildConfigurationList = 8481DB8328A444AC004F12E8 /* Build configuration list for PBXProject "UIKitLes6_Player" */;
			compatibilityVersion = "Xcode 13.0";
			developmentRegion = en;
			hasScannedForEncodings = 0;
			knownRegions = (
				en,
				Base,
			);
			mainGroup = 8481DB7F28A444AC004F12E8;
			productRefGroup = 8481DB8928A444AC004F12E8 /* Products */;
			projectDirPath = "";
			projectRoot = "";
			targets = (
				8481DB8728A444AC004F12E8 /* UIKitLes6_Player */,
			);
		};
/* End PBXProject section */

/* Begin PBXResourcesBuildPhase section */
		8481DB8628A444AC004F12E8 /* Resources */ = {
			isa = PBXResourcesBuildPhase;
			buildActionMask = 2147483647;
			files = (
				8481DBA328A446EB004F12E8 /* Всем кто с нами.mp3 in Resources */,
				8481DBA228A446EB004F12E8 /* Lose yourself.mp3 in Resources */,
				8481DB9828A444B0004F12E8 /* LaunchScreen.storyboard in Resources */,
				8481DB9528A444B0004F12E8 /* Assets.xcassets in Resources */,
				8481DBA428A446EB004F12E8 /* Город дорог.mp3 in Resources */,
			);
			runOnlyForDeploymentPostprocessing = 0;
		};
/* End PBXResourcesBuildPhase section */

/* Begin PBXSourcesBuildPhase section */
		8481DB8428A444AC004F12E8 /* Sources */ = {
			isa = PBXSourcesBuildPhase;
			buildActionMask = 2147483647;
			files = (
				8481DB9028A444AC004F12E8 /* ViewController.swift in Sources */,
				8481DB8C28A444AC004F12E8 /* AppDelegate.swift in Sources */,
				8477A5A028A4EE330090966D /* SongViewController.swift in Sources */,
				8481DBA628A457B2004F12E8 /* Database.swift in Sources */,
				8477A5A228A4F64A0090966D /* Player.swift in Sources */,
				8481DB8E28A444AC004F12E8 /* SceneDelegate.swift in Sources */,
			);
			runOnlyForDeploymentPostprocessing = 0;
		};
/* End PBXSourcesBuildPhase section */

/* Begin PBXVariantGroup section */
		8481DB9628A444B0004F12E8 /* LaunchScreen.storyboard */ = {
			isa = PBXVariantGroup;
			children = (
				8481DB9728A444B0004F12E8 /* Base */,
			);
			name = LaunchScreen.storyboard;
			sourceTree = "<group>";
		};
/* End PBXVariantGroup section */

/* Begin XCBuildConfiguration section */
		8481DB9A28A444B0004F12E8 /* Debug */ = {
			isa = XCBuildConfiguration;
			buildSettings = {
				ALWAYS_SEARCH_USER_PATHS = NO;
				CLANG_ANALYZER_NONNULL = YES;
				CLANG_ANALYZER_NUMBER_OBJECT_CONVERSION = YES_AGGRESSIVE;
				CLANG_CXX_LANGUAGE_STANDARD = "gnu++17";
				CLANG_ENABLE_MODULES = YES;
				CLANG_ENABLE_OBJC_ARC = YES;
				CLANG_ENABLE_OBJC_WEAK = YES;
				CLANG_WARN_BLOCK_CAPTURE_AUTORELEASING = YES;
				CLANG_WARN_BOOL_CONVERSION = YES;
				CLANG_WARN_COMMA = YES;
				CLANG_WARN_CONSTANT_CONVERSION = YES;
				CLANG_WARN_DEPRECATED_OBJC_IMPLEMENTATIONS = YES;
				CLANG_WARN_DIRECT_OBJC_ISA_USAGE = YES_ERROR;
				CLANG_WARN_DOCUMENTATION_COMMENTS = YES;
				CLANG_WARN_EMPTY_BODY = YES;
				CLANG_WARN_ENUM_CONVERSION = YES;
				CLANG_WARN_INFINITE_RECURSION = YES;
				CLANG_WARN_INT_CONVERSION = YES;
				CLANG_WARN_NON_LITERAL_NULL_CONVERSION = YES;
				CLANG_WARN_OBJC_IMPLICIT_RETAIN_SELF = YES;
				CLANG_WARN_OBJC_LITERAL_CONVERSION = YES;
				CLANG_WARN_OBJC_ROOT_CLASS = YES_ERROR;
				CLANG_WARN_QUOTED_INCLUDE_IN_FRAMEWORK_HEADER = YES;
				CLANG_WARN_RANGE_LOOP_ANALYSIS = YES;
				CLANG_WARN_STRICT_PROTOTYPES = YES;
				CLANG_WARN_SUSPICIOUS_MOVE = YES;
				CLANG_WARN_UNGUARDED_AVAILABILITY = YES_AGGRESSIVE;
				CLANG_WARN_UNREACHABLE_CODE = YES;
				CLANG_WARN__DUPLICATE_METHOD_MATCH = YES;
				COPY_PHASE_STRIP = NO;
				DEBUG_INFORMATION_FORMAT = dwarf;
				ENABLE_STRICT_OBJC_MSGSEND = YES;
				ENABLE_TESTABILITY = YES;
				GCC_C_LANGUAGE_STANDARD = gnu11;
				GCC_DYNAMIC_NO_PIC = NO;
				GCC_NO_COMMON_BLOCKS = YES;
				GCC_OPTIMIZATION_LEVEL = 0;
				GCC_PREPROCESSOR_DEFINITIONS = (
					"DEBUG=1",
					"$(inherited)",
				);
				GCC_WARN_64_TO_32_BIT_CONVERSION = YES;
				GCC_WARN_ABOUT_RETURN_TYPE = YES_ERROR;
				GCC_WARN_UNDECLARED_SELECTOR = YES;
				GCC_WARN_UNINITIALIZED_AUTOS = YES_AGGRESSIVE;
				GCC_WARN_UNUSED_FUNCTION = YES;
				GCC_WARN_UNUSED_VARIABLE = YES;
				IPHONEOS_DEPLOYMENT_TARGET = 15.5;
				MTL_ENABLE_DEBUG_INFO = INCLUDE_SOURCE;
				MTL_FAST_MATH = YES;
				ONLY_ACTIVE_ARCH = YES;
				SDKROOT = iphoneos;
				SWIFT_ACTIVE_COMPILATION_CONDITIONS = DEBUG;
				SWIFT_OPTIMIZATION_LEVEL = "-Onone";
			};
			name = Debug;
		};
		8481DB9B28A444B0004F12E8 /* Release */ = {
			isa = XCBuildConfiguration;
			buildSettings = {
				ALWAYS_SEARCH_USER_PATHS = NO;
				CLANG_ANALYZER_NONNULL = YES;
				CLANG_ANALYZER_NUMBER_OBJECT_CONVERSION = YES_AGGRESSIVE;
				CLANG_CXX_LANGUAGE_STANDARD = "gnu++17";
				CLANG_ENABLE_MODULES = YES;
				CLANG_ENABLE_OBJC_ARC = YES;
				CLANG_ENABLE_OBJC_WEAK = YES;
				CLANG_WARN_BLOCK_CAPTURE_AUTORELEASING = YES;
				CLANG_WARN_BOOL_CONVERSION = YES;
				CLANG_WARN_COMMA = YES;
				CLANG_WARN_CONSTANT_CONVERSION = YES;
				CLANG_WARN_DEPRECATED_OBJC_IMPLEMENTATIONS = YES;
				CLANG_WARN_DIRECT_OBJC_ISA_USAGE = YES_ERROR;
				CLANG_WARN_DOCUMENTATION_COMMENTS = YES;
				CLANG_WARN_EMPTY_BODY = YES;
				CLANG_WARN_ENUM_CONVERSION = YES;
				CLANG_WARN_INFINITE_RECURSION = YES;
				CLANG_WARN_INT_CONVERSION = YES;
				CLANG_WARN_NON_LITERAL_NULL_CONVERSION = YES;
				CLANG_WARN_OBJC_IMPLICIT_RETAIN_SELF = YES;
				CLANG_WARN_OBJC_LITERAL_CONVERSION = YES;
				CLANG_WARN_OBJC_ROOT_CLASS = YES_ERROR;
				CLANG_WARN_QUOTED_INCLUDE_IN_FRAMEWORK_HEADER = YES;
				CLANG_WARN_RANGE_LOOP_ANALYSIS = YES;
				CLANG_WARN_STRICT_PROTOTYPES = YES;
				CLANG_WARN_SUSPICIOUS_MOVE = YES;
				CLANG_WARN_UNGUARDED_AVAILABILITY = YES_AGGRESSIVE;
				CLANG_WARN_UNREACHABLE_CODE = YES;
				CLANG_WARN__DUPLICATE_METHOD_MATCH = YES;
				COPY_PHASE_STRIP = NO;
				DEBUG_INFORMATION_FORMAT = "dwarf-with-dsym";
				ENABLE_NS_ASSERTIONS = NO;
				ENABLE_STRICT_OBJC_MSGSEND = YES;
				GCC_C_LANGUAGE_STANDARD = gnu11;
				GCC_NO_COMMON_BLOCKS = YES;
				GCC_WARN_64_TO_32_BIT_CONVERSION = YES;
				GCC_WARN_ABOUT_RETURN_TYPE = YES_ERROR;
				GCC_WARN_UNDECLARED_SELECTOR = YES;
				GCC_WARN_UNINITIALIZED_AUTOS = YES_AGGRESSIVE;
				GCC_WARN_UNUSED_FUNCTION = YES;
				GCC_WARN_UNUSED_VARIABLE = YES;
				IPHONEOS_DEPLOYMENT_TARGET = 15.5;
				MTL_ENABLE_DEBUG_INFO = NO;
				MTL_FAST_MATH = YES;
				SDKROOT = iphoneos;
				SWIFT_COMPILATION_MODE = wholemodule;
				SWIFT_OPTIMIZATION_LEVEL = "-O";
				VALIDATE_PRODUCT = YES;
			};
			name = Release;
		};
		8481DB9D28A444B0004F12E8 /* Debug */ = {
			isa = XCBuildConfiguration;
			buildSettings = {
				ASSETCATALOG_COMPILER_APPICON_NAME = AppIcon;
				ASSETCATALOG_COMPILER_GLOBAL_ACCENT_COLOR_NAME = AccentColor;
				CODE_SIGN_STYLE = Automatic;
				CURRENT_PROJECT_VERSION = 1;
				GENERATE_INFOPLIST_FILE = YES;
				INFOPLIST_FILE = UIKitLes6_Player/Info.plist;
				INFOPLIST_KEY_UIApplicationSupportsIndirectInputEvents = YES;
				INFOPLIST_KEY_UILaunchStoryboardName = LaunchScreen;
				INFOPLIST_KEY_UISupportedInterfaceOrientations_iPad = "UIInterfaceOrientationPortrait UIInterfaceOrientationPortraitUpsideDown UIInterfaceOrientationLandscapeLeft UIInterfaceOrientationLandscapeRight";
				INFOPLIST_KEY_UISupportedInterfaceOrientations_iPhone = "UIInterfaceOrientationPortrait UIInterfaceOrientationLandscapeLeft UIInterfaceOrientationLandscapeRight";
				LD_RUNPATH_SEARCH_PATHS = (
					"$(inherited)",
					"@executable_path/Frameworks",
				);
				MARKETING_VERSION = 1.0;
				PRODUCT_BUNDLE_IDENTIFIER = "homeValeryLoiko.UIKitLes6-Player";
				PRODUCT_NAME = "$(TARGET_NAME)";
				SWIFT_EMIT_LOC_STRINGS = YES;
				SWIFT_VERSION = 5.0;
				TARGETED_DEVICE_FAMILY = "1,2";
			};
			name = Debug;
		};
		8481DB9E28A444B0004F12E8 /* Release */ = {
			isa = XCBuildConfiguration;
			buildSettings = {
				ASSETCATALOG_COMPILER_APPICON_NAME = AppIcon;
				ASSETCATALOG_COMPILER_GLOBAL_ACCENT_COLOR_NAME = AccentColor;
				CODE_SIGN_STYLE = Automatic;
				CURRENT_PROJECT_VERSION = 1;
				GENERATE_INFOPLIST_FILE = YES;
				INFOPLIST_FILE = UIKitLes6_Player/Info.plist;
				INFOPLIST_KEY_UIApplicationSupportsIndirectInputEvents = YES;
				INFOPLIST_KEY_UILaunchStoryboardName = LaunchScreen;
				INFOPLIST_KEY_UISupportedInterfaceOrientations_iPad = "UIInterfaceOrientationPortrait UIInterfaceOrientationPortraitUpsideDown UIInterfaceOrientationLandscapeLeft UIInterfaceOrientationLandscapeRight";
				INFOPLIST_KEY_UISupportedInterfaceOrientations_iPhone = "UIInterfaceOrientationPortrait UIInterfaceOrientationLandscapeLeft UIInterfaceOrientationLandscapeRight";
				LD_RUNPATH_SEARCH_PATHS = (
					"$(inherited)",
					"@executable_path/Frameworks",
				);
				MARKETING_VERSION = 1.0;
				PRODUCT_BUNDLE_IDENTIFIER = "homeValeryLoiko.UIKitLes6-Player";
				PRODUCT_NAME = "$(TARGET_NAME)";
				SWIFT_EMIT_LOC_STRINGS = YES;
				SWIFT_VERSION = 5.0;
				TARGETED_DEVICE_FAMILY = "1,2";
			};
			name = Release;
		};
/* End XCBuildConfiguration section */

/* Begin XCConfigurationList section */
		8481DB8328A444AC004F12E8 /* Build configuration list for PBXProject "UIKitLes6_Player" */ = {
			isa = XCConfigurationList;
			buildConfigurations = (
				8481DB9A28A444B0004F12E8 /* Debug */,
				8481DB9B28A444B0004F12E8 /* Release */,
			);
			defaultConfigurationIsVisible = 0;
			defaultConfigurationName = Release;
		};
		8481DB9C28A444B0004F12E8 /* Build configuration list for PBXNativeTarget "UIKitLes6_Player" */ = {
			isa = XCConfigurationList;
			buildConfigurations = (
				8481DB9D28A444B0004F12E8 /* Debug */,
				8481DB9E28A444B0004F12E8 /* Release */,
			);
			defaultConfigurationIsVisible = 0;
			defaultConfigurationName = Release;
		};
/* End XCConfigurationList section */
	};
	rootObject = 8481DB8028A444AC004F12E8 /* Project object */;
}
